
Microsoft Visual Studio Solution File, Format Version 12.00
# Visual Studio Version 16
VisualStudioVersion = 16.0.31624.102
MinimumVisualStudioVersion = 10.0.40219.1
Project("{FAE04EC0-301F-11D3-BF4B-00C04F79EFBC}") = "CsharpMidterm", "CsharpMidterm\CsharpMidterm.csproj", "{5E68CB6E-917B-4A62-9218-675B9EC23BA2}"
EndProject
Global
	GlobalSection(SolutionConfigurationPlatforms) = preSolution
		Debug|Any CPU = Debug|Any CPU
		Release|Any CPU = Release|Any CPU
	EndGlobalSection
	GlobalSection(ProjectConfigurationPlatforms) = postSolution
		{5E68CB6E-917B-4A62-9218-675B9EC23BA2}.Debug|Any CPU.ActiveCfg = Debug|Any CPU
		{5E68CB6E-917B-4A62-9218-675B9EC23BA2}.Debug|Any CPU.Build.0 = Debug|Any CPU
		{5E68CB6E-917B-4A62-9218-675B9EC23BA2}.Release|Any CPU.ActiveCfg = Release|Any CPU
		{5E68CB6E-917B-4A62-9218-675B9EC23BA2}.Release|Any CPU.Build.0 = Release|Any CPU
	EndGlobalSection
	GlobalSection(SolutionProperties) = preSolution
		HideSolutionNode = FALSE
	EndGlobalSection
	GlobalSection(ExtensibilityGlobals) = postSolution
		SolutionGuid = {7E373CEF-4CF7-45AF-B0E7-1580581A0349}
	EndGlobalSection
EndGlobal
